// !$*UTF8*$!
{
	archiveVersion = 1;
	classes = {
	};
	objectVersion = 50;
	objects = {

/* Begin PBXBuildFile section */
		F7ED0934268DD41600649438 /* AppDelegate.swift in Sources */ = {isa = PBXBuildFile; fileRef = F7ED0933268DD41600649438 /* AppDelegate.swift */; };
		F7ED0936268DD41600649438 /* SceneDelegate.swift in Sources */ = {isa = PBXBuildFile; fileRef = F7ED0935268DD41600649438 /* SceneDelegate.swift */; };
		F7ED0938268DD41600649438 /* ViewController.swift in Sources */ = {isa = PBXBuildFile; fileRef = F7ED0937268DD41600649438 /* ViewController.swift */; };
		F7ED093B268DD41600649438 /* Main.storyboard in Resources */ = {isa = PBXBuildFile; fileRef = F7ED0939268DD41600649438 /* Main.storyboard */; };
		F7ED093D268DD41800649438 /* Assets.xcassets in Resources */ = {isa = PBXBuildFile; fileRef = F7ED093C268DD41800649438 /* Assets.xcassets */; };
		F7ED0940268DD41800649438 /* LaunchScreen.storyboard in Resources */ = {isa = PBXBuildFile; fileRef = F7ED093E268DD41800649438 /* LaunchScreen.storyboard */; };
		F7ED094B268DD41900649438 /* VibrateMeTests.swift in Sources */ = {isa = PBXBuildFile; fileRef = F7ED094A268DD41900649438 /* VibrateMeTests.swift */; };
		F7ED0956268DD41900649438 /* VibrateMeUITests.swift in Sources */ = {isa = PBXBuildFile; fileRef = F7ED0955268DD41900649438 /* VibrateMeUITests.swift */; };
/* End PBXBuildFile section */

/* Begin PBXContainerItemProxy section */
		F7ED0947268DD41900649438 /* PBXContainerItemProxy */ = {
			isa = PBXContainerItemProxy;
			containerPortal = F7ED0928268DD41600649438 /* Project object */;
			proxyType = 1;
			remoteGlobalIDString = F7ED092F268DD41600649438;
			remoteInfo = VibrateMe;
		};
		F7ED0952268DD41900649438 /* PBXContainerItemProxy */ = {
			isa = PBXContainerItemProxy;
			containerPortal = F7ED0928268DD41600649438 /* Project object */;
			proxyType = 1;
			remoteGlobalIDString = F7ED092F268DD41600649438;
			remoteInfo = VibrateMe;
		};
/* End PBXContainerItemProxy section */

/* Begin PBXFileReference section */
		F7ED0930268DD41600649438 /* VibrateMe.app */ = {isa = PBXFileReference; explicitFileType = wrapper.application; includeInIndex = 0; path = VibrateMe.app; sourceTree = BUILT_PRODUCTS_DIR; };
		F7ED0933268DD41600649438 /* AppDelegate.swift */ = {isa = PBXFileReference; lastKnownFileType = sourcecode.swift; path = AppDelegate.swift; sourceTree = "<group>"; };
		F7ED0935268DD41600649438 /* SceneDelegate.swift */ = {isa = PBXFileReference; lastKnownFileType = sourcecode.swift; path = SceneDelegate.swift; sourceTree = "<group>"; };
		F7ED0937268DD41600649438 /* ViewController.swift */ = {isa = PBXFileReference; lastKnownFileType = sourcecode.swift; path = ViewController.swift; sourceTree = "<group>"; };
		F7ED093A268DD41600649438 /* Base */ = {isa = PBXFileReference; lastKnownFileType = file.storyboard; name = Base; path = Base.lproj/Main.storyboard; sourceTree = "<group>"; };
		F7ED093C268DD41800649438 /* Assets.xcassets */ = {isa = PBXFileReference; lastKnownFileType = folder.assetcatalog; path = Assets.xcassets; sourceTree = "<group>"; };
		F7ED093F268DD41800649438 /* Base */ = {isa = PBXFileReference; lastKnownFileType = file.storyboard; name = Base; path = Base.lproj/LaunchScreen.storyboard; sourceTree = "<group>"; };
		F7ED0941268DD41900649438 /* Info.plist */ = {isa = PBXFileReference; lastKnownFileType = text.plist.xml; path = Info.plist; sourceTree = "<group>"; };
		F7ED0946268DD41900649438 /* VibrateMeTests.xctest */ = {isa = PBXFileReference; explicitFileType = wrapper.cfbundle; includeInIndex = 0; path = VibrateMeTests.xctest; sourceTree = BUILT_PRODUCTS_DIR; };
		F7ED094A268DD41900649438 /* VibrateMeTests.swift */ = {isa = PBXFileReference; lastKnownFileType = sourcecode.swift; path = VibrateMeTests.swift; sourceTree = "<group>"; };
		F7ED094C268DD41900649438 /* Info.plist */ = {isa = PBXFileReference; lastKnownFileType = text.plist.xml; path = Info.plist; sourceTree = "<group>"; };
		F7ED0951268DD41900649438 /* VibrateMeUITests.xctest */ = {isa = PBXFileReference; explicitFileType = wrapper.cfbundle; includeInIndex = 0; path = VibrateMeUITests.xctest; sourceTree = BUILT_PRODUCTS_DIR; };
		F7ED0955268DD41900649438 /* VibrateMeUITests.swift */ = {isa = PBXFileReference; lastKnownFileType = sourcecode.swift; path = VibrateMeUITests.swift; sourceTree = "<group>"; };
		F7ED0957268DD41900649438 /* Info.plist */ = {isa = PBXFileReference; lastKnownFileType = text.plist.xml; path = Info.plist; sourceTree = "<group>"; };
/* End PBXFileReference section */

/* Begin PBXFrameworksBuildPhase section */
		F7ED092D268DD41600649438 /* Frameworks */ = {
			isa = PBXFrameworksBuildPhase;
			buildActionMask = 2147483647;
			files = (
			);
			runOnlyForDeploymentPostprocessing = 0;
		};
		F7ED0943268DD41900649438 /* Frameworks */ = {
			isa = PBXFrameworksBuildPhase;
			buildActionMask = 2147483647;
			files = (
			);
			runOnlyForDeploymentPostprocessing = 0;
		};
		F7ED094E268DD41900649438 /* Frameworks */ = {
			isa = PBXFrameworksBuildPhase;
			buildActionMask = 2147483647;
			files = (
			);
			runOnlyForDeploymentPostprocessing = 0;
		};
/* End PBXFrameworksBuildPhase section */

/* Begin PBXGroup section */
		F7ED0927268DD41600649438 = {
			isa = PBXGroup;
			children = (
				F7ED0932268DD41600649438 /* VibrateMe */,
				F7ED0949268DD41900649438 /* VibrateMeTests */,
				F7ED0954268DD41900649438 /* VibrateMeUITests */,
				F7ED0931268DD41600649438 /* Products */,
			);
			sourceTree = "<group>";
		};
		F7ED0931268DD41600649438 /* Products */ = {
			isa = PBXGroup;
			children = (
				F7ED0930268DD41600649438 /* VibrateMe.app */,
				F7ED0946268DD41900649438 /* VibrateMeTests.xctest */,
				F7ED0951268DD41900649438 /* VibrateMeUITests.xctest */,
			);
			name = Products;
			sourceTree = "<group>";
		};
		F7ED0932268DD41600649438 /* VibrateMe */ = {
			isa = PBXGroup;
			children = (
				F7ED0933268DD41600649438 /* AppDelegate.swift */,
				F7ED0935268DD41600649438 /* SceneDelegate.swift */,
				F7ED0937268DD41600649438 /* ViewController.swift */,
				F7ED0939268DD41600649438 /* Main.storyboard */,
				F7ED093C268DD41800649438 /* Assets.xcassets */,
				F7ED093E268DD41800649438 /* LaunchScreen.storyboard */,
				F7ED0941268DD41900649438 /* Info.plist */,
			);
			path = VibrateMe;
			sourceTree = "<group>";
		};
		F7ED0949268DD41900649438 /* VibrateMeTests */ = {
			isa = PBXGroup;
			children = (
				F7ED094A268DD41900649438 /* VibrateMeTests.swift */,
				F7ED094C268DD41900649438 /* Info.plist */,
			);
			path = VibrateMeTests;
			sourceTree = "<group>";
		};
		F7ED0954268DD41900649438 /* VibrateMeUITests */ = {
			isa = PBXGroup;
			children = (
				F7ED0955268DD41900649438 /* VibrateMeUITests.swift */,
				F7ED0957268DD41900649438 /* Info.plist */,
			);
			path = VibrateMeUITests;
			sourceTree = "<group>";
		};
/* End PBXGroup section */

/* Begin PBXNativeTarget section */
		F7ED092F268DD41600649438 /* VibrateMe */ = {
			isa = PBXNativeTarget;
			buildConfigurationList = F7ED095A268DD41900649438 /* Build configuration list for PBXNativeTarget "VibrateMe" */;
			buildPhases = (
				F7ED092C268DD41600649438 /* Sources */,
				F7ED092D268DD41600649438 /* Frameworks */,
				F7ED092E268DD41600649438 /* Resources */,
			);
			buildRules = (
			);
			dependencies = (
			);
			name = VibrateMe;
			productName = VibrateMe;
			productReference = F7ED0930268DD41600649438 /* VibrateMe.app */;
			productType = "com.apple.product-type.application";
		};
		F7ED0945268DD41900649438 /* VibrateMeTests */ = {
			isa = PBXNativeTarget;
			buildConfigurationList = F7ED095D268DD41900649438 /* Build configuration list for PBXNativeTarget "VibrateMeTests" */;
			buildPhases = (
				F7ED0942268DD41900649438 /* Sources */,
				F7ED0943268DD41900649438 /* Frameworks */,
				F7ED0944268DD41900649438 /* Resources */,
			);
			buildRules = (
			);
			dependencies = (
				F7ED0948268DD41900649438 /* PBXTargetDependency */,
			);
			name = VibrateMeTests;
			productName = VibrateMeTests;
			productReference = F7ED0946268DD41900649438 /* VibrateMeTests.xctest */;
			productType = "com.apple.product-type.bundle.unit-test";
		};
		F7ED0950268DD41900649438 /* VibrateMeUITests */ = {
			isa = PBXNativeTarget;
			buildConfigurationList = F7ED0960268DD41900649438 /* Build configuration list for PBXNativeTarget "VibrateMeUITests" */;
			buildPhases = (
				F7ED094D268DD41900649438 /* Sources */,
				F7ED094E268DD41900649438 /* Frameworks */,
				F7ED094F268DD41900649438 /* Resources */,
			);
			buildRules = (
			);
			dependencies = (
				F7ED0953268DD41900649438 /* PBXTargetDependency */,
			);
			name = VibrateMeUITests;
			productName = VibrateMeUITests;
			productReference = F7ED0951268DD41900649438 /* VibrateMeUITests.xctest */;
			productType = "com.apple.product-type.bundle.ui-testing";
		};
/* End PBXNativeTarget section */

/* Begin PBXProject section */
		F7ED0928268DD41600649438 /* Project object */ = {
			isa = PBXProject;
			attributes = {
				LastSwiftUpdateCheck = 1250;
				LastUpgradeCheck = 1250;
				TargetAttributes = {
					F7ED092F268DD41600649438 = {
						CreatedOnToolsVersion = 12.5;
					};
					F7ED0945268DD41900649438 = {
						CreatedOnToolsVersion = 12.5;
						TestTargetID = F7ED092F268DD41600649438;
					};
					F7ED0950268DD41900649438 = {
						CreatedOnToolsVersion = 12.5;
						TestTargetID = F7ED092F268DD41600649438;
					};
				};
			};
			buildConfigurationList = F7ED092B268DD41600649438 /* Build configuration list for PBXProject "VibrateMe" */;
			compatibilityVersion = "Xcode 9.3";
			developmentRegion = en;
			hasScannedForEncodings = 0;
			knownRegions = (
				en,
				Base,
			);
			mainGroup = F7ED0927268DD41600649438;
			productRefGroup = F7ED0931268DD41600649438 /* Products */;
			projectDirPath = "";
			projectRoot = "";
			targets = (
				F7ED092F268DD41600649438 /* VibrateMe */,
				F7ED0945268DD41900649438 /* VibrateMeTests */,
				F7ED0950268DD41900649438 /* VibrateMeUITests */,
			);
		};
/* End PBXProject section */

/* Begin PBXResourcesBuildPhase section */
		F7ED092E268DD41600649438 /* Resources */ = {
			isa = PBXResourcesBuildPhase;
			buildActionMask = 2147483647;
			files = (
				F7ED0940268DD41800649438 /* LaunchScreen.storyboard in Resources */,
				F7ED093D268DD41800649438 /* Assets.xcassets in Resources */,
				F7ED093B268DD41600649438 /* Main.storyboard in Resources */,
			);
			runOnlyForDeploymentPostprocessing = 0;
		};
		F7ED0944268DD41900649438 /* Resources */ = {
			isa = PBXResourcesBuildPhase;
			buildActionMask = 2147483647;
			files = (
			);
			runOnlyForDeploymentPostprocessing = 0;
		};
		F7ED094F268DD41900649438 /* Resources */ = {
			isa = PBXResourcesBuildPhase;
			buildActionMask = 2147483647;
			files = (
			);
			runOnlyForDeploymentPostprocessing = 0;
		};
/* End PBXResourcesBuildPhase section */

/* Begin PBXSourcesBuildPhase section */
		F7ED092C268DD41600649438 /* Sources */ = {
			isa = PBXSourcesBuildPhase;
			buildActionMask = 2147483647;
			files = (
				F7ED0938268DD41600649438 /* ViewController.swift in Sources */,
				F7ED0934268DD41600649438 /* AppDelegate.swift in Sources */,
				F7ED0936268DD41600649438 /* SceneDelegate.swift in Sources */,
			);
			runOnlyForDeploymentPostprocessing = 0;
		};
		F7ED0942268DD41900649438 /* Sources */ = {
			isa = PBXSourcesBuildPhase;
			buildActionMask = 2147483647;
			files = (
				F7ED094B268DD41900649438 /* VibrateMeTests.swift in Sources */,
			);
			runOnlyForDeploymentPostprocessing = 0;
		};
		F7ED094D268DD41900649438 /* Sources */ = {
			isa = PBXSourcesBuildPhase;
			buildActionMask = 2147483647;
			files = (
				F7ED0956268DD41900649438 /* VibrateMeUITests.swift in Sources */,
			);
			runOnlyForDeploymentPostprocessing = 0;
		};
/* End PBXSourcesBuildPhase section */

/* Begin PBXTargetDependency section */
		F7ED0948268DD41900649438 /* PBXTargetDependency */ = {
			isa = PBXTargetDependency;
			target = F7ED092F268DD41600649438 /* VibrateMe */;
			targetProxy = F7ED0947268DD41900649438 /* PBXContainerItemProxy */;
		};
		F7ED0953268DD41900649438 /* PBXTargetDependency */ = {
			isa = PBXTargetDependency;
			target = F7ED092F268DD41600649438 /* VibrateMe */;
			targetProxy = F7ED0952268DD41900649438 /* PBXContainerItemProxy */;
		};
/* End PBXTargetDependency section */

/* Begin PBXVariantGroup section */
		F7ED0939268DD41600649438 /* Main.storyboard */ = {
			isa = PBXVariantGroup;
			children = (
				F7ED093A268DD41600649438 /* Base */,
			);
			name = Main.storyboard;
			sourceTree = "<group>";
		};
		F7ED093E268DD41800649438 /* LaunchScreen.storyboard */ = {
			isa = PBXVariantGroup;
			children = (
				F7ED093F268DD41800649438 /* Base */,
			);
			name = LaunchScreen.storyboard;
			sourceTree = "<group>";
		};
/* End PBXVariantGroup section */

/* Begin XCBuildConfiguration section */
		F7ED0958268DD41900649438 /* Debug */ = {
			isa = XCBuildConfiguration;
			buildSettings = {
				ALWAYS_SEARCH_USER_PATHS = NO;
				CLANG_ANALYZER_NONNULL = YES;
				CLANG_ANALYZER_NUMBER_OBJECT_CONVERSION = YES_AGGRESSIVE;
				CLANG_CXX_LANGUAGE_STANDARD = "gnu++14";
				CLANG_CXX_LIBRARY = "libc++";
				CLANG_ENABLE_MODULES = YES;
				CLANG_ENABLE_OBJC_ARC = YES;
				CLANG_ENABLE_OBJC_WEAK = YES;
				CLANG_WARN_BLOCK_CAPTURE_AUTORELEASING = YES;
				CLANG_WARN_BOOL_CONVERSION = YES;
				CLANG_WARN_COMMA = YES;
				CLANG_WARN_CONSTANT_CONVERSION = YES;
				CLANG_WARN_DEPRECATED_OBJC_IMPLEMENTATIONS = YES;
				CLANG_WARN_DIRECT_OBJC_ISA_USAGE = YES_ERROR;
				CLANG_WARN_DOCUMENTATION_COMMENTS = YES;
				CLANG_WARN_EMPTY_BODY = YES;
				CLANG_WARN_ENUM_CONVERSION = YES;
				CLANG_WARN_INFINITE_RECURSION = YES;
				CLANG_WARN_INT_CONVERSION = YES;
				CLANG_WARN_NON_LITERAL_NULL_CONVERSION = YES;
				CLANG_WARN_OBJC_IMPLICIT_RETAIN_SELF = YES;
				CLANG_WARN_OBJC_LITERAL_CONVERSION = YES;
				CLANG_WARN_OBJC_ROOT_CLASS = YES_ERROR;
				CLANG_WARN_QUOTED_INCLUDE_IN_FRAMEWORK_HEADER = YES;
				CLANG_WARN_RANGE_LOOP_ANALYSIS = YES;
				CLANG_WARN_STRICT_PROTOTYPES = YES;
				CLANG_WARN_SUSPICIOUS_MOVE = YES;
				CLANG_WARN_UNGUARDED_AVAILABILITY = YES_AGGRESSIVE;
				CLANG_WARN_UNREACHABLE_CODE = YES;
				CLANG_WARN__DUPLICATE_METHOD_MATCH = YES;
				COPY_PHASE_STRIP = NO;
				DEBUG_INFORMATION_FORMAT = dwarf;
				ENABLE_STRICT_OBJC_MSGSEND = YES;
				ENABLE_TESTABILITY = YES;
				GCC_C_LANGUAGE_STANDARD = gnu11;
				GCC_DYNAMIC_NO_PIC = NO;
				GCC_NO_COMMON_BLOCKS = YES;
				GCC_OPTIMIZATION_LEVEL = 0;
				GCC_PREPROCESSOR_DEFINITIONS = (
					"DEBUG=1",
					"$(inherited)",
				);
				GCC_WARN_64_TO_32_BIT_CONVERSION = YES;
				GCC_WARN_ABOUT_RETURN_TYPE = YES_ERROR;
				GCC_WARN_UNDECLARED_SELECTOR = YES;
				GCC_WARN_UNINITIALIZED_AUTOS = YES_AGGRESSIVE;
				GCC_WARN_UNUSED_FUNCTION = YES;
				GCC_WARN_UNUSED_VARIABLE = YES;
				IPHONEOS_DEPLOYMENT_TARGET = 14.5;
				MTL_ENABLE_DEBUG_INFO = INCLUDE_SOURCE;
				MTL_FAST_MATH = YES;
				ONLY_ACTIVE_ARCH = YES;
				SDKROOT = iphoneos;
				SWIFT_ACTIVE_COMPILATION_CONDITIONS = DEBUG;
				SWIFT_OPTIMIZATION_LEVEL = "-Onone";
			};
			name = Debug;
		};
		F7ED0959268DD41900649438 /* Release */ = {
			isa = XCBuildConfiguration;
			buildSettings = {
				ALWAYS_SEARCH_USER_PATHS = NO;
				CLANG_ANALYZER_NONNULL = YES;
				CLANG_ANALYZER_NUMBER_OBJECT_CONVERSION = YES_AGGRESSIVE;
				CLANG_CXX_LANGUAGE_STANDARD = "gnu++14";
				CLANG_CXX_LIBRARY = "libc++";
				CLANG_ENABLE_MODULES = YES;
				CLANG_ENABLE_OBJC_ARC = YES;
				CLANG_ENABLE_OBJC_WEAK = YES;
				CLANG_WARN_BLOCK_CAPTURE_AUTORELEASING = YES;
				CLANG_WARN_BOOL_CONVERSION = YES;
				CLANG_WARN_COMMA = YES;
				CLANG_WARN_CONSTANT_CONVERSION = YES;
				CLANG_WARN_DEPRECATED_OBJC_IMPLEMENTATIONS = YES;
				CLANG_WARN_DIRECT_OBJC_ISA_USAGE = YES_ERROR;
				CLANG_WARN_DOCUMENTATION_COMMENTS = YES;
				CLANG_WARN_EMPTY_BODY = YES;
				CLANG_WARN_ENUM_CONVERSION = YES;
				CLANG_WARN_INFINITE_RECURSION = YES;
				CLANG_WARN_INT_CONVERSION = YES;
				CLANG_WARN_NON_LITERAL_NULL_CONVERSION = YES;
				CLANG_WARN_OBJC_IMPLICIT_RETAIN_SELF = YES;
				CLANG_WARN_OBJC_LITERAL_CONVERSION = YES;
				CLANG_WARN_OBJC_ROOT_CLASS = YES_ERROR;
				CLANG_WARN_QUOTED_INCLUDE_IN_FRAMEWORK_HEADER = YES;
				CLANG_WARN_RANGE_LOOP_ANALYSIS = YES;
				CLANG_WARN_STRICT_PROTOTYPES = YES;
				CLANG_WARN_SUSPICIOUS_MOVE = YES;
				CLANG_WARN_UNGUARDED_AVAILABILITY = YES_AGGRESSIVE;
				CLANG_WARN_UNREACHABLE_CODE = YES;
				CLANG_WARN__DUPLICATE_METHOD_MATCH = YES;
				COPY_PHASE_STRIP = NO;
				DEBUG_INFORMATION_FORMAT = "dwarf-with-dsym";
				ENABLE_NS_ASSERTIONS = NO;
				ENABLE_STRICT_OBJC_MSGSEND = YES;
				GCC_C_LANGUAGE_STANDARD = gnu11;
				GCC_NO_COMMON_BLOCKS = YES;
				GCC_WARN_64_TO_32_BIT_CONVERSION = YES;
				GCC_WARN_ABOUT_RETURN_TYPE = YES_ERROR;
				GCC_WARN_UNDECLARED_SELECTOR = YES;
				GCC_WARN_UNINITIALIZED_AUTOS = YES_AGGRESSIVE;
				GCC_WARN_UNUSED_FUNCTION = YES;
				GCC_WARN_UNUSED_VARIABLE = YES;
				IPHONEOS_DEPLOYMENT_TARGET = 14.5;
				MTL_ENABLE_DEBUG_INFO = NO;
				MTL_FAST_MATH = YES;
				SDKROOT = iphoneos;
				SWIFT_COMPILATION_MODE = wholemodule;
				SWIFT_OPTIMIZATION_LEVEL = "-O";
				VALIDATE_PRODUCT = YES;
			};
			name = Release;
		};
		F7ED095B268DD41900649438 /* Debug */ = {
			isa = XCBuildConfiguration;
			buildSettings = {
				ASSETCATALOG_COMPILER_APPICON_NAME = AppIcon;
				ASSETCATALOG_COMPILER_GLOBAL_ACCENT_COLOR_NAME = AccentColor;
				CODE_SIGN_STYLE = Automatic;
				DEVELOPMENT_TEAM = 9X5B6FVL52;
				INFOPLIST_FILE = VibrateMe/Info.plist;
				LD_RUNPATH_SEARCH_PATHS = (
					"$(inherited)",
					"@executable_path/Frameworks",
				);
				PRODUCT_BUNDLE_IDENTIFIER = "the-next-step.VibrateMe";
				PRODUCT_NAME = "$(TARGET_NAME)";
				SWIFT_VERSION = 5.0;
				TARGETED_DEVICE_FAMILY = "1,2";
			};
			name = Debug;
		};
		F7ED095C268DD41900649438 /* Release */ = {
			isa = XCBuildConfiguration;
			buildSettings = {
				ASSETCATALOG_COMPILER_APPICON_NAME = AppIcon;
				ASSETCATALOG_COMPILER_GLOBAL_ACCENT_COLOR_NAME = AccentColor;
				CODE_SIGN_STYLE = Automatic;
				DEVELOPMENT_TEAM = 9X5B6FVL52;
				INFOPLIST_FILE = VibrateMe/Info.plist;
				LD_RUNPATH_SEARCH_PATHS = (
					"$(inherited)",
					"@executable_path/Frameworks",
				);
				PRODUCT_BUNDLE_IDENTIFIER = "the-next-step.VibrateMe";
				PRODUCT_NAME = "$(TARGET_NAME)";
				SWIFT_VERSION = 5.0;
				TARGETED_DEVICE_FAMILY = "1,2";
			};
			name = Release;
		};
		F7ED095E268DD41900649438 /* Debug */ = {
			isa = XCBuildConfiguration;
			buildSettings = {
				ALWAYS_EMBED_SWIFT_STANDARD_LIBRARIES = YES;
				BUNDLE_LOADER = "$(TEST_HOST)";
				CODE_SIGN_STYLE = Automatic;
				DEVELOPMENT_TEAM = 9X5B6FVL52;
				INFOPLIST_FILE = VibrateMeTests/Info.plist;
				IPHONEOS_DEPLOYMENT_TARGET = 14.5;
				LD_RUNPATH_SEARCH_PATHS = (
					"$(inherited)",
					"@executable_path/Frameworks",
					"@loader_path/Frameworks",
				);
				PRODUCT_BUNDLE_IDENTIFIER = "the-next-step.VibrateMeTests";
				PRODUCT_NAME = "$(TARGET_NAME)";
				SWIFT_VERSION = 5.0;
				TARGETED_DEVICE_FAMILY = "1,2";
				TEST_HOST = "$(BUILT_PRODUCTS_DIR)/VibrateMe.app/VibrateMe";
			};
			name = Debug;
		};
		F7ED095F268DD41900649438 /* Release */ = {
			isa = XCBuildConfiguration;
			buildSettings = {
				ALWAYS_EMBED_SWIFT_STANDARD_LIBRARIES = YES;
				BUNDLE_LOADER = "$(TEST_HOST)";
				CODE_SIGN_STYLE = Automatic;
				DEVELOPMENT_TEAM = 9X5B6FVL52;
				INFOPLIST_FILE = VibrateMeTests/Info.plist;
				IPHONEOS_DEPLOYMENT_TARGET = 14.5;
				LD_RUNPATH_SEARCH_PATHS = (
					"$(inherited)",
					"@executable_path/Frameworks",
					"@loader_path/Frameworks",
				);
				PRODUCT_BUNDLE_IDENTIFIER = "the-next-step.VibrateMeTests";
				PRODUCT_NAME = "$(TARGET_NAME)";
				SWIFT_VERSION = 5.0;
				TARGETED_DEVICE_FAMILY = "1,2";
				TEST_HOST = "$(BUILT_PRODUCTS_DIR)/VibrateMe.app/VibrateMe";
			};
			name = Release;
		};
		F7ED0961268DD41900649438 /* Debug */ = {
			isa = XCBuildConfiguration;
			buildSettings = {
				ALWAYS_EMBED_SWIFT_STANDARD_LIBRARIES = YES;
				CODE_SIGN_STYLE = Automatic;
				DEVELOPMENT_TEAM = 9X5B6FVL52;
				INFOPLIST_FILE = VibrateMeUITests/Info.plist;
				LD_RUNPATH_SEARCH_PATHS = (
					"$(inherited)",
					"@executable_path/Frameworks",
					"@loader_path/Frameworks",
				);
				PRODUCT_BUNDLE_IDENTIFIER = "the-next-step.VibrateMeUITests";
				PRODUCT_NAME = "$(TARGET_NAME)";
				SWIFT_VERSION = 5.0;
				TARGETED_DEVICE_FAMILY = "1,2";
				TEST_TARGET_NAME = VibrateMe;
			};
			name = Debug;
		};
		F7ED0962268DD41900649438 /* Release */ = {
			isa = XCBuildConfiguration;
			buildSettings = {
				ALWAYS_EMBED_SWIFT_STANDARD_LIBRARIES = YES;
				CODE_SIGN_STYLE = Automatic;
				DEVELOPMENT_TEAM = 9X5B6FVL52;
				INFOPLIST_FILE = VibrateMeUITests/Info.plist;
				LD_RUNPATH_SEARCH_PATHS = (
					"$(inherited)",
					"@executable_path/Frameworks",
					"@loader_path/Frameworks",
				);
				PRODUCT_BUNDLE_IDENTIFIER = "the-next-step.VibrateMeUITests";
				PRODUCT_NAME = "$(TARGET_NAME)";
				SWIFT_VERSION = 5.0;
				TARGETED_DEVICE_FAMILY = "1,2";
				TEST_TARGET_NAME = VibrateMe;
			};
			name = Release;
		};
/* End XCBuildConfiguration section */

/* Begin XCConfigurationList section */
		F7ED092B268DD41600649438 /* Build configuration list for PBXProject "VibrateMe" */ = {
			isa = XCConfigurationList;
			buildConfigurations = (
				F7ED0958268DD41900649438 /* Debug */,
				F7ED0959268DD41900649438 /* Release */,
			);
			defaultConfigurationIsVisible = 0;
			defaultConfigurationName = Release;
		};
		F7ED095A268DD41900649438 /* Build configuration list for PBXNativeTarget "VibrateMe" */ = {
			isa = XCConfigurationList;
			buildConfigurations = (
				F7ED095B268DD41900649438 /* Debug */,
				F7ED095C268DD41900649438 /* Release */,
			);
			defaultConfigurationIsVisible = 0;
			defaultConfigurationName = Release;
		};
		F7ED095D268DD41900649438 /* Build configuration list for PBXNativeTarget "VibrateMeTests" */ = {
			isa = XCConfigurationList;
			buildConfigurations = (
				F7ED095E268DD41900649438 /* Debug */,
				F7ED095F268DD41900649438 /* Release */,
			);
			defaultConfigurationIsVisible = 0;
			defaultConfigurationName = Release;
		};
		F7ED0960268DD41900649438 /* Build configuration list for PBXNativeTarget "VibrateMeUITests" */ = {
			isa = XCConfigurationList;
			buildConfigurations = (
				F7ED0961268DD41900649438 /* Debug */,
				F7ED0962268DD41900649438 /* Release */,
			);
			defaultConfigurationIsVisible = 0;
			defaultConfigurationName = Release;
		};
/* End XCConfigurationList section */
	};
	rootObject = F7ED0928268DD41600649438 /* Project object */;
}
